{
  "version": "5",
  "specifiers": {
    "jsr:@std/bytes@^1.0.6": "1.0.6",
    "jsr:@std/csv@1": "1.0.6",
    "jsr:@std/streams@^1.0.9": "1.0.14",
    "jsr:@std/yaml@1": "1.0.10",
    "npm:@grammyjs/stateless-question@4": "4.0.0_grammy@1.38.4",
    "npm:grammy-inline-menu@9": "9.2.0_grammy@1.38.4",
    "npm:grammy@1": "1.38.4",
    "npm:telegram-format@3": "3.1.0"
  },
  "jsr": {
    "@std/bytes@1.0.6": {
      "integrity": "f6ac6adbd8ccd99314045f5703e23af0a68d7f7e58364b47d2c7f408aeb5820a"
    },
    "@std/csv@1.0.6": {
      "integrity": "52ef0e62799a0028d278fa04762f17f9bd263fad9a8e7f98c14fbd371d62d9fd",
      "dependencies": [
        "jsr:@std/streams"
      ]
    },
    "@std/streams@1.0.14": {
      "integrity": "c0df6cdd73bd4bbcbe4baa89e323b88418c90ceb2d926f95aa99bdcdbfca2411",
      "dependencies": [
        "jsr:@std/bytes"
      ]
    },
    "@std/yaml@1.0.10": {
      "integrity": "245706ea3511cc50c8c6d00339c23ea2ffa27bd2c7ea5445338f8feff31fa58e"
    }
  },
  "npm": {
    "@grammyjs/stateless-question@4.0.0_grammy@1.38.4": {
      "integrity": "sha512-qxudqvZZ0P+bn5Zg2A6dMkoDbwgfINcANA3HfsJPJeJwzv9PsSYqjD7dQkyCW23rP3mqxnkirW/t4dwnyOuPyA==",
      "dependencies": [
        "grammy"
      ]
    },
    "@grammyjs/types@3.22.2": {
      "integrity": "sha512-uu7DX2ezhnBPozL3bXHmwhLvaFsh59E4QyviNH4Cij7EdVekYrs6mCzeXsa2pDk30l3uXo7DBahlZLzTPtpYZg=="
    },
    "abort-controller@3.0.0": {
      "integrity": "sha512-h8lQ8tacZYnR3vNQTgibj+tODHI5/+l06Au2Pcriv/Gmet0eaj4TwWH41sO9wnHDiQsEj19q0drzdWdeAHtweg==",
      "dependencies": [
        "event-target-shim"
      ]
    },
    "debug@4.4.3": {
      "integrity": "sha512-RGwwWnwQvkVfavKVt22FGLw+xYSdzARwm0ru6DhTVA3umU5hZc28V3kO4stgYryrTlLpuvgI9GiijltAjNbcqA==",
      "dependencies": [
        "ms"
      ]
    },
    "event-target-shim@5.0.1": {
      "integrity": "sha512-i/2XbnSz/uxRCU6+NdVJgKWDTM427+MqYbkQzD321DuCQJUqOuJKIA0IM2+W2xtYHdKOmZ4dR6fExsd4SXL+WQ=="
    },
    "grammy-inline-menu@9.2.0_grammy@1.38.4": {
      "integrity": "sha512-QxZQvqKa1GM+WlGTGRuHEdsVOGzh1yjL1klMwX+Ojez6srGKeMeZi5JkUIcxokTocjk0vn11Ex6yIknBr0UbMQ==",
      "dependencies": [
        "grammy",
        "type-fest"
      ]
    },
    "grammy@1.38.4": {
      "integrity": "sha512-z07Kin3HgRwMdy40KUs+c9fmNBvGlSxGwcqY8NAH0a8KULGFYEMQaFAo3ge0V5tvmgr02Jgubkf54KjHLAMCbw==",
      "dependencies": [
        "@grammyjs/types",
        "abort-controller",
        "debug",
        "node-fetch"
      ]
    },
    "ms@2.1.3": {
      "integrity": "sha512-6FlzubTLZG3J2a/NVCAleEhjzq5oxgHyaCU9yYXvcLsvoVaHJq/s5xXI6/XXP6tz7R9xAOtHnSO/tXtF3WRTlA=="
    },
    "node-fetch@2.7.0": {
      "integrity": "sha512-c4FRfUm/dbcWZ7U+1Wq0AwCyFL+3nt2bEw05wfxSz+DWpWsitgmSgYmy2dQdWyKC1694ELPqMs/YzUSNozLt8A==",
      "dependencies": [
        "whatwg-url"
      ]
    },
    "telegram-format@3.1.0": {
      "integrity": "sha512-JXdcPQbTLIrUFp5pt4EzLnPHZE3y6D82izr7rDApPs52QvwrUboFyJ4/rrbP1kCMQFsQGNOShNrYkGInafrNBw=="
    },
    "tr46@0.0.3": {
      "integrity": "sha512-N3WMsuqV66lT30CrXNbEjx4GEwlow3v6rr4mCcv6prnfwhS01rkgyFdjPNBYd9br7LpXV1+Emh01fHnq2Gdgrw=="
    },
    "type-fest@4.41.0": {
      "integrity": "sha512-TeTSQ6H5YHvpqVwBRcnLDCBnDOHWYu7IvGbHT6N8AOymcr9PJGjc1GTtiWZTYg0NCgYwvnYWEkVChQAr9bjfwA=="
    },
    "webidl-conversions@3.0.1": {
      "integrity": "sha512-2JAn3z8AR6rjK8Sm8orRC0h/bcl/DqL7tRPdGZ4I1CjdF+EaMLmYxBHyXuKL849eucPFhvBoxMsflfOb8kxaeQ=="
    },
    "whatwg-url@5.0.0": {
      "integrity": "sha512-saE57nupxk6v3HY35+jzBwYa0rKSy0XR8JSxZPwgLr7ys0IBzhGviA1/TUGJLmSVqs8pb9AnvICXEuOHLprYTw==",
      "dependencies": [
        "tr46",
        "webidl-conversions"
      ]
    }
  },
  "remote": {
    "https://raw.githubusercontent.com/EdJoPaTo/iPhoneBatteryHealth/refs/heads/main/data.ts": "b7d7683fafef0a38d4534c48f7fad2ad4db1d509639e8896a984ca61303737eb"
  },
  "workspace": {
    "dependencies": [
      "jsr:@std/csv@1",
      "jsr:@std/yaml@1",
      "npm:@grammyjs/stateless-question@4",
      "npm:grammy-inline-menu@9",
      "npm:grammy@1",
      "npm:telegram-format@3"
    ]
  }
}
